
Microsoft Visual Studio Solution File, Format Version 12.00
# Visual Studio Version 16
VisualStudioVersion = 25.0.1706.7
MinimumVisualStudioVersion = 10.0.40219.1
Project("{FAE04EC0-301F-11D3-BF4B-00C04F79EFBC}") = "HolidaySearchLibrary", "HolidaySearchLibrary\HolidaySearchLibrary.csproj", "{6F9B16E7-9D6C-4177-A85D-2B0D75CE7F94}"
EndProject
Project("{FAE04EC0-301F-11D3-BF4B-00C04F79EFBC}") = "HolidaySearchTests", "HolidaySearchTests\HolidaySearchTests.csproj", "{C512888E-8FA3-4F8E-AFFF-11CE6280383E}"
EndProject
Global
	GlobalSection(SolutionConfigurationPlatforms) = preSolution
		Debug|Any CPU = Debug|Any CPU
		Release|Any CPU = Release|Any CPU
	EndGlobalSection
	GlobalSection(ProjectConfigurationPlatforms) = postSolution
		{6F9B16E7-9D6C-4177-A85D-2B0D75CE7F94}.Debug|Any CPU.ActiveCfg = Debug|Any CPU
		{6F9B16E7-9D6C-4177-A85D-2B0D75CE7F94}.Debug|Any CPU.Build.0 = Debug|Any CPU
		{6F9B16E7-9D6C-4177-A85D-2B0D75CE7F94}.Release|Any CPU.ActiveCfg = Release|Any CPU
		{6F9B16E7-9D6C-4177-A85D-2B0D75CE7F94}.Release|Any CPU.Build.0 = Release|Any CPU
		{C512888E-8FA3-4F8E-AFFF-11CE6280383E}.Debug|Any CPU.ActiveCfg = Debug|Any CPU
		{C512888E-8FA3-4F8E-AFFF-11CE6280383E}.Debug|Any CPU.Build.0 = Debug|Any CPU
		{C512888E-8FA3-4F8E-AFFF-11CE6280383E}.Release|Any CPU.ActiveCfg = Release|Any CPU
		{C512888E-8FA3-4F8E-AFFF-11CE6280383E}.Release|Any CPU.Build.0 = Release|Any CPU
	EndGlobalSection
	GlobalSection(SolutionProperties) = preSolution
		HideSolutionNode = FALSE
	EndGlobalSection
	GlobalSection(ExtensibilityGlobals) = postSolution
		SolutionGuid = {EB60D13D-AD7F-4345-8531-00AC41238E4D}
	EndGlobalSection
EndGlobal
