
Microsoft Visual Studio Solution File, Format Version 12.00
# Visual Studio Version 16
VisualStudioVersion = 25.0.1706.7
MinimumVisualStudioVersion = 10.0.40219.1
Project("{FAE04EC0-301F-11D3-BF4B-00C04F79EFBC}") = "HolidaySearchTests", "HolidaySearchTests.csproj", "{25054C2D-277D-4846-9A86-DDA236E6D46F}"
EndProject
Global
	GlobalSection(SolutionConfigurationPlatforms) = preSolution
		Debug|Any CPU = Debug|Any CPU
		Release|Any CPU = Release|Any CPU
	EndGlobalSection
	GlobalSection(ProjectConfigurationPlatforms) = postSolution
		{25054C2D-277D-4846-9A86-DDA236E6D46F}.Debug|Any CPU.ActiveCfg = Debug|Any CPU
		{25054C2D-277D-4846-9A86-DDA236E6D46F}.Debug|Any CPU.Build.0 = Debug|Any CPU
		{25054C2D-277D-4846-9A86-DDA236E6D46F}.Release|Any CPU.ActiveCfg = Release|Any CPU
		{25054C2D-277D-4846-9A86-DDA236E6D46F}.Release|Any CPU.Build.0 = Release|Any CPU
	EndGlobalSection
	GlobalSection(SolutionProperties) = preSolution
		HideSolutionNode = FALSE
	EndGlobalSection
	GlobalSection(ExtensibilityGlobals) = postSolution
		SolutionGuid = {F5900738-C684-48A1-A2DC-AB9C8317D2C1}
	EndGlobalSection
EndGlobal
